<?xml version="1.0" encoding="utf-8"?>
<Project ToolsVersion="4.0" xmlns="http://schemas.microsoft.com/developer/msbuild/2003">
  <ItemGroup>
    <ClCompile Include="..\..\projects\mandelbulb\parameters.cpp">
      <Filter>Project</Filter>
    </ClCompile>
    <ClCompile Include="..\..\3rd-party\AfterEffectsSDK\Examples\Util\AEGP_SuiteHandler.cpp">
      <Filter>Host AE</Filter>
    </ClCompile>
    <ClCompile Include="..\..\hosts\after-effects\after-effects-main.cpp">
      <Filter>Host AE</Filter>
    </ClCompile>
    <ClCompile Include="..\..\hosts\after-effects\after-effects-parameter-helper.cpp">
      <Filter>Host AE</Filter>
    </ClCompile>
    <ClCompile Include="..\..\hosts\after-effects\after-effects-render.cpp">
      <Filter>Host AE</Filter>
    </ClCompile>
    <ClCompile Include="..\..\common\input-transforms.h">
      <Filter>Common</Filter>
    </ClCompile>
    <ClCompile Include="..\..\common\util.cpp">
      <Filter>Common</Filter>
    </ClCompile>
    <ClCompile Include="..\..\3rd-party\AfterEffectsSDK\Examples\Util\MissingSuiteError.cpp">
      <Filter>Host AE</Filter>
    </ClCompile>
  </ItemGroup>
  <ItemGroup>
    <ClInclude Include="..\..\projects\mandelbulb\parameters.h">
      <Filter>Project</Filter>
    </ClInclude>
    <ClInclude Include="..\..\projects\mandelbulb\renderer.h">
      <Filter>Project</Filter>
    </ClInclude>
    <ClInclude Include="..\..\projects\mandelbulb\parameter-id.h">
      <Filter>Project</Filter>
    </ClInclude>
    <ClInclude Include="..\..\projects\mandelbulb\config.h">
      <Filter>Project</Filter>
    </ClInclude>
    <ClInclude Include="..\..\hosts\after-effects\after-effects-parameter-helper.h">
      <Filter>Host AE</Filter>
    </ClInclude>
    <ClInclude Include="..\..\hosts\after-effects\after-effects-render.h">
      <Filter>Host AE</Filter>
    </ClInclude>
    <ClInclude Include="..\..\hosts\after-effects\after-effects-sdk.h">
      <Filter>Host AE</Filter>
    </ClInclude>
    <ClInclude Include="..\..\common\colour.h">
      <Filter>Common</Filter>
    </ClInclude>
    <ClInclude Include="..\..\common\environment.h">
      <Filter>Common</Filter>
    </ClInclude>
    <ClInclude Include="..\..\common\linear-algebra.h">
      <Filter>Common</Filter>
    </ClInclude>
    <ClInclude Include="..\..\common\noise.h">
      <Filter>Common</Filter>
    </ClInclude>
    <ClInclude Include="..\..\common\parameter-list.h">
      <Filter>Common</Filter>
    </ClInclude>
    <ClInclude Include="..\..\common\simd-concepts.h">
      <Filter>Common</Filter>
    </ClInclude>
    <ClInclude Include="..\..\common\simd-cpuid.h">
      <Filter>Common</Filter>
    </ClInclude>
    <ClInclude Include="..\..\common\simd-f32.h">
      <Filter>Common</Filter>
    </ClInclude>
    <ClInclude Include="..\..\common\simd-f64.h">
      <Filter>Common</Filter>
    </ClInclude>
    <ClInclude Include="..\..\common\simd-uint32.h">
      <Filter>Common</Filter>
    </ClInclude>
    <ClInclude Include="..\..\common\simd-uint64.h">
      <Filter>Common</Filter>
    </ClInclude>
    <ClInclude Include="..\..\common\util.h">
      <Filter>Common</Filter>
    </ClInclude>
  </ItemGroup>
  <ItemGroup>
    <CustomBuild Include="ae.r" />
  </ItemGroup>
  <ItemGroup>
    <ResourceCompile Include="ae.rc" />
  </ItemGroup>
  <ItemGroup>
    <Filter Include="Project">
      <UniqueIdentifier>{24c69604-b01f-485a-a17b-47f44476ea21}</UniqueIdentifier>
    </Filter>
    <Filter Include="Common">
      <UniqueIdentifier>{f3b3575b-2e05-48a7-8a64-b3b0980e8eb7}</UniqueIdentifier>
    </Filter>
    <Filter Include="Host AE">
      <UniqueIdentifier>{2edf0e57-66bc-412a-8796-435c5cff404a}</UniqueIdentifier>
    </Filter>
  </ItemGroup>
</Project>