<?xml version="1.0" encoding="utf-8"?>
<Project ToolsVersion="4.0" xmlns="http://schemas.microsoft.com/developer/msbuild/2003">
  <ItemGroup>
    <Filter Include="Source Files">
      <UniqueIdentifier>{4FC737F1-C7A5-4376-A066-2A32D752A2FF}</UniqueIdentifier>
      <Extensions>cpp;c;cc;cxx;c++;cppm;ixx;def;odl;idl;hpj;bat;asm;asmx</Extensions>
    </Filter>
    <Filter Include="Source Files\Common">
      <UniqueIdentifier>{f3974f29-f17b-48f6-bc82-58785d5bb339}</UniqueIdentifier>
    </Filter>
    <Filter Include="Source Files\Project">
      <UniqueIdentifier>{8c6419a0-9dc4-498a-81f2-161e5d9a47f8}</UniqueIdentifier>
    </Filter>
    <Filter Include="Source Files\Resources">
      <UniqueIdentifier>{d2282c1c-daa7-4e51-9972-b01aba2e82fb}</UniqueIdentifier>
    </Filter>
    <Filter Include="Source Files\After Effects SDK Cpp Files">
      <UniqueIdentifier>{a262aea1-a7f8-4dcb-bb55-13f6830fad69}</UniqueIdentifier>
    </Filter>
    <Filter Include="Source Files\host-after-effects">
      <UniqueIdentifier>{08479815-1e2c-4a6a-82b6-eae7850ef679}</UniqueIdentifier>
    </Filter>
  </ItemGroup>
  <ItemGroup>
    <ClInclude Include="..\..\common\colour.h">
      <Filter>Source Files\Common</Filter>
    </ClInclude>
    <ClInclude Include="..\..\common\linear-algebra.h">
      <Filter>Source Files\Common</Filter>
    </ClInclude>
    <ClInclude Include="..\..\common\noise.h">
      <Filter>Source Files\Common</Filter>
    </ClInclude>
    <ClInclude Include="..\..\projects\watercolour-texture\renderer.h">
      <Filter>Source Files\Project</Filter>
    </ClInclude>
    <ClInclude Include="..\..\hosts\after-effects\after-effects-sdk.h">
      <Filter>Source Files\host-after-effects</Filter>
    </ClInclude>
    <ClInclude Include="..\..\projects\watercolour-texture\parameters.h">
      <Filter>Source Files\Project</Filter>
    </ClInclude>
    <ClInclude Include="..\..\projects\watercolour-texture\config.h">
      <Filter>Source Files\Project</Filter>
    </ClInclude>
    <ClInclude Include="..\..\hosts\after-effects\after-effects-parameter-helper.h">
      <Filter>Source Files\host-after-effects</Filter>
    </ClInclude>
    <ClInclude Include="..\..\hosts\after-effects\after-effects-render.h">
      <Filter>Source Files\host-after-effects</Filter>
    </ClInclude>
    <ClInclude Include="..\..\common\util.h">
      <Filter>Source Files\Common</Filter>
    </ClInclude>
    <ClInclude Include="..\..\common\parameter-list.h">
      <Filter>Source Files\Common</Filter>
    </ClInclude>
    <ClInclude Include="..\..\projects\watercolour-texture\parameter-id.h">
      <Filter>Source Files\Project</Filter>
    </ClInclude>
    <ClInclude Include="..\..\common\simd-cpuid.h">
      <Filter>Source Files\Common</Filter>
    </ClInclude>
    <ClInclude Include="..\..\common\simd-f32.h">
      <Filter>Source Files\Common</Filter>
    </ClInclude>
    <ClInclude Include="..\..\common\simd-f64.h">
      <Filter>Source Files\Common</Filter>
    </ClInclude>
    <ClInclude Include="..\..\common\simd-uint32.h">
      <Filter>Source Files\Common</Filter>
    </ClInclude>
    <ClInclude Include="..\..\common\simd-uint64.h">
      <Filter>Source Files\Common</Filter>
    </ClInclude>
    <ClInclude Include="..\..\common\simd-concepts.h">
      <Filter>Source Files\Common</Filter>
    </ClInclude>
    <ClInclude Include="..\..\common\environment.h">
      <Filter>Source Files\Common</Filter>
    </ClInclude>
  </ItemGroup>
  <ItemGroup>
    <ClCompile Include="..\..\hosts\after-effects\after-effects-main.cpp">
      <Filter>Source Files\host-after-effects</Filter>
    </ClCompile>
    <ClCompile Include="..\..\hosts\after-effects\after-effects-parameter-helper.cpp">
      <Filter>Source Files\host-after-effects</Filter>
    </ClCompile>
    <ClCompile Include="..\..\3rd-party\AfterEffectsSDK\Examples\Util\MissingSuiteError.cpp">
      <Filter>Source Files\After Effects SDK Cpp Files</Filter>
    </ClCompile>
    <ClCompile Include="..\..\3rd-party\AfterEffectsSDK\Examples\Util\AEGP_SuiteHandler.cpp">
      <Filter>Source Files\After Effects SDK Cpp Files</Filter>
    </ClCompile>
    <ClCompile Include="..\..\hosts\after-effects\after-effects-render.cpp">
      <Filter>Source Files\host-after-effects</Filter>
    </ClCompile>
    <ClCompile Include="..\..\common\util.cpp">
      <Filter>Source Files\Common</Filter>
    </ClCompile>
    <ClCompile Include="..\..\projects\watercolour-texture\parameters.cpp">
      <Filter>Source Files\Project</Filter>
    </ClCompile>
    <ClCompile Include="..\..\common\input-transforms.h">
      <Filter>Source Files\Common</Filter>
    </ClCompile>
  </ItemGroup>
  <ItemGroup>
    <CustomBuild Include="ae.r">
      <Filter>Source Files\Resources</Filter>
    </CustomBuild>
  </ItemGroup>
  <ItemGroup>
    <ResourceCompile Include="ae.rc">
      <Filter>Source Files\Resources</Filter>
    </ResourceCompile>
  </ItemGroup>
</Project>